{
  "nodes": {
    "LazyVim": {
      "inputs": {
        "nixpkgs": [
          "nixpkgs"
        ],
        "nvim-treesitter": "nvim-treesitter",
        "nvim-treesitter-textobjects": "nvim-treesitter-textobjects",
        "systems": "systems"
      },
      "locked": {
        "lastModified": 1760225832,
        "narHash": "sha256-QEEYmK1lK0gEKgZXAgNhBdwkOzX1DUOgtJ5VfxGZLMU=",
        "owner": "matadaniel",
        "repo": "LazyVim-module",
        "rev": "107c37fcd1460194d47ca2f4950462b2e486336e",
        "type": "github"
      },
      "original": {
        "owner": "matadaniel",
        "repo": "LazyVim-module",
        "type": "github"
      }
    },
    "dooit": {
      "inputs": {
        "nixpkgs": [
          "nixpkgs"
        ]
      },
      "locked": {
        "lastModified": 1763611440,
        "narHash": "sha256-2LxP8BwlGpaYMz2DUOFj9BLGVRNHAcH5isyOpcuwffM=",
        "owner": "brysenPfingsten",
        "repo": "dooit",
        "rev": "b7262ed8dbbad1b2b6a6162bcf66ce12703cabd9",
        "type": "github"
      },
      "original": {
        "owner": "brysenPfingsten",
        "repo": "dooit",
        "type": "github"
      }
    },
    "dooit-extras": {
      "inputs": {
        "dooit": "dooit_2",
        "nixpkgs": [
          "nixpkgs"
        ]
      },
      "locked": {
        "lastModified": 1758024842,
        "narHash": "sha256-ZTZut4TN1le6rokxLOR3nuEzK+IjKh6Gy+xoUgcUXtI=",
        "owner": "brysenPfingsten",
        "repo": "dooit-extras",
        "rev": "311bbcd9a11a3ab4520fe4bf9b84f6a5e06f6c18",
        "type": "github"
      },
      "original": {
        "owner": "brysenPfingsten",
        "repo": "dooit-extras",
        "type": "github"
      }
    },
    "dooit_2": {
      "inputs": {
        "nixpkgs": "nixpkgs"
      },
      "locked": {
        "lastModified": 1748666860,
        "narHash": "sha256-Ux7cqxFcYEpPOfzVTem5IkuDGflh7UmIcdIW6ZPtovM=",
        "owner": "dooit-org",
        "repo": "dooit",
        "rev": "d6e3ac12508b8bb1ec99847f3a2670b709ca54c2",
        "type": "github"
      },
      "original": {
        "owner": "dooit-org",
        "repo": "dooit",
        "type": "github"
      }
    },
    "home-manager": {
      "inputs": {
        "nixpkgs": [
          "nixpkgs"
        ]
      },
      "locked": {
        "lastModified": 1763416652,
        "narHash": "sha256-8EBEEvtzQ11LCxpQHMNEBQAGtQiCu/pqP9zSovDSbNM=",
        "owner": "nix-community",
        "repo": "home-manager",
        "rev": "ea164b7c9ccdc2321379c2ff78fd4317b4c41312",
        "type": "github"
      },
      "original": {
        "owner": "nix-community",
        "repo": "home-manager",
        "type": "github"
      }
    },
    "nixpkgs": {
      "locked": {
        "lastModified": 1746904237,
        "narHash": "sha256-3e+AVBczosP5dCLQmMoMEogM57gmZ2qrVSrmq9aResQ=",
        "owner": "nixos",
        "repo": "nixpkgs",
        "rev": "d89fc19e405cb2d55ce7cc114356846a0ee5e956",
        "type": "github"
      },
      "original": {
        "owner": "nixos",
        "ref": "nixos-unstable",
        "repo": "nixpkgs",
        "type": "github"
      }
    },
    "nixpkgs_2": {
      "locked": {
        "lastModified": 1763421233,
        "narHash": "sha256-Stk9ZYRkGrnnpyJ4eqt9eQtdFWRRIvMxpNRf4sIegnw=",
        "owner": "NixOS",
        "repo": "nixpkgs",
        "rev": "89c2b2330e733d6cdb5eae7b899326930c2c0648",
        "type": "github"
      },
      "original": {
        "owner": "NixOS",
        "ref": "nixos-unstable",
        "repo": "nixpkgs",
        "type": "github"
      }
    },
    "nvim-treesitter": {
      "flake": false,
      "locked": {
        "lastModified": 1760093619,
        "narHash": "sha256-u3nbjMR0E07uBr6x9J6K+M/N28Ujjdt7LbPWekWubGE=",
        "owner": "nvim-treesitter",
        "repo": "nvim-treesitter",
        "rev": "de003000a287c501a6650a1ddd3be80ee34278d4",
        "type": "github"
      },
      "original": {
        "owner": "nvim-treesitter",
        "ref": "main",
        "repo": "nvim-treesitter",
        "type": "github"
      }
    },
    "nvim-treesitter-textobjects": {
      "flake": false,
      "locked": {
        "lastModified": 1756368113,
        "narHash": "sha256-+KmOpRi4JAqm6UqYdtk80jwFrJhLCs0lZM/Liofq0R4=",
        "owner": "nvim-treesitter",
        "repo": "nvim-treesitter-textobjects",
        "rev": "1b2d85d3de6114c4bcea89ffb2cd1ce9e3a19931",
        "type": "github"
      },
      "original": {
        "owner": "nvim-treesitter",
        "ref": "main",
        "repo": "nvim-treesitter-textobjects",
        "type": "github"
      }
    },
    "root": {
      "inputs": {
        "LazyVim": "LazyVim",
        "dooit": "dooit",
        "dooit-extras": "dooit-extras",
        "home-manager": "home-manager",
        "nixpkgs": "nixpkgs_2"
      }
    },
    "systems": {
      "locked": {
        "lastModified": 1689347949,
        "narHash": "sha256-12tWmuL2zgBgZkdoB6qXZsgJEH9LR3oUgpaQq2RbI80=",
        "owner": "nix-systems",
        "repo": "default-linux",
        "rev": "31732fcf5e8fea42e59c2488ad31a0e651500f68",
        "type": "github"
      },
      "original": {
        "owner": "nix-systems",
        "repo": "default-linux",
        "type": "github"
      }
    }
  },
  "root": "root",
  "version": 7
}
